// !$*UTF8*$!
{
	archiveVersion = 1;
	classes = {
	};
	objectVersion = 56;
	objects = {

/* Begin PBXBuildFile section */
		AC06755A28D3BD2A0004F7FB /* DataController.swift in Sources */ = {isa = PBXBuildFile; fileRef = AC06755928D3BD2A0004F7FB /* DataController.swift */; };
		AC4715C128D3B7BE006451CD /* ProjVerao2024App.swift in Sources */ = {isa = PBXBuildFile; fileRef = AC4715C028D3B7BE006451CD /* ProjVerao2024App.swift */; };
		AC4715C328D3B7BE006451CD /* ContentView.swift in Sources */ = {isa = PBXBuildFile; fileRef = AC4715C228D3B7BE006451CD /* ContentView.swift */; };
		AC4715C528D3B7BF006451CD /* Assets.xcassets in Resources */ = {isa = PBXBuildFile; fileRef = AC4715C428D3B7BF006451CD /* Assets.xcassets */; };
		AC4715C828D3B7BF006451CD /* Preview Assets.xcassets in Resources */ = {isa = PBXBuildFile; fileRef = AC4715C728D3B7BF006451CD /* Preview Assets.xcassets */; };
		AC4715D028D3B857006451CD /* FoodModel.xcdatamodeld .xcdatamodeld in Sources */ = {isa = PBXBuildFile; fileRef = AC4715CE28D3B857006451CD /* FoodModel.xcdatamodeld .xcdatamodeld */; };
/* End PBXBuildFile section */

/* Begin PBXFileReference section */
		AC06755928D3BD2A0004F7FB /* DataController.swift */ = {isa = PBXFileReference; lastKnownFileType = sourcecode.swift; name = DataController.swift; path = ProjVerao2024/DataController.swift; sourceTree = SOURCE_ROOT; };
		AC4715BD28D3B7BE006451CD /* ProjVerao2024.app */ = {isa = PBXFileReference; explicitFileType = wrapper.application; includeInIndex = 0; path = ProjVerao2024.app; sourceTree = BUILT_PRODUCTS_DIR; };
		AC4715C028D3B7BE006451CD /* ProjVerao2024App.swift */ = {isa = PBXFileReference; lastKnownFileType = sourcecode.swift; path = ProjVerao2024App.swift; sourceTree = "<group>"; };
		AC4715C228D3B7BE006451CD /* ContentView.swift */ = {isa = PBXFileReference; lastKnownFileType = sourcecode.swift; path = ContentView.swift; sourceTree = "<group>"; };
		AC4715C428D3B7BF006451CD /* Assets.xcassets */ = {isa = PBXFileReference; lastKnownFileType = folder.assetcatalog; path = Assets.xcassets; sourceTree = "<group>"; };
		AC4715C728D3B7BF006451CD /* Preview Assets.xcassets */ = {isa = PBXFileReference; lastKnownFileType = folder.assetcatalog; path = "Preview Assets.xcassets"; sourceTree = "<group>"; };
		AC4715CF28D3B857006451CD /* FoodModel.xcdatamodeld .xcdatamodel */ = {isa = PBXFileReference; lastKnownFileType = wrapper.xcdatamodel; path = "FoodModel.xcdatamodeld .xcdatamodel"; sourceTree = "<group>"; };
/* End PBXFileReference section */

/* Begin PBXFrameworksBuildPhase section */
		AC4715BA28D3B7BE006451CD /* Frameworks */ = {
			isa = PBXFrameworksBuildPhase;
			buildActionMask = 2147483647;
			files = (
			);
			runOnlyForDeploymentPostprocessing = 0;
		};
/* End PBXFrameworksBuildPhase section */

/* Begin PBXGroup section */
		AC06755828D3BB860004F7FB /* DataModel */ = {
			isa = PBXGroup;
			children = (
				AC06755928D3BD2A0004F7FB /* DataController.swift */,
				AC4715CE28D3B857006451CD /* FoodModel.xcdatamodeld .xcdatamodeld */,
			);
			path = DataModel;
			sourceTree = "<group>";
		};
		AC4715B428D3B7BE006451CD = {
			isa = PBXGroup;
			children = (
				AC4715BF28D3B7BE006451CD /* ProjVerao2024 */,
				AC4715BE28D3B7BE006451CD /* Products */,
			);
			sourceTree = "<group>";
		};
		AC4715BE28D3B7BE006451CD /* Products */ = {
			isa = PBXGroup;
			children = (
				AC4715BD28D3B7BE006451CD /* ProjVerao2024.app */,
			);
			name = Products;
			sourceTree = "<group>";
		};
		AC4715BF28D3B7BE006451CD /* ProjVerao2024 */ = {
			isa = PBXGroup;
			children = (
				AC4715C028D3B7BE006451CD /* ProjVerao2024App.swift */,
				AC4715C228D3B7BE006451CD /* ContentView.swift */,
				AC4715C428D3B7BF006451CD /* Assets.xcassets */,
				AC06755828D3BB860004F7FB /* DataModel */,
				AC4715C628D3B7BF006451CD /* Preview Content */,
			);
			path = ProjVerao2024;
			sourceTree = "<group>";
		};
		AC4715C628D3B7BF006451CD /* Preview Content */ = {
			isa = PBXGroup;
			children = (
				AC4715C728D3B7BF006451CD /* Preview Assets.xcassets */,
			);
			path = "Preview Content";
			sourceTree = "<group>";
		};
/* End PBXGroup section */

/* Begin PBXNativeTarget section */
		AC4715BC28D3B7BE006451CD /* ProjVerao2024 */ = {
			isa = PBXNativeTarget;
			buildConfigurationList = AC4715CB28D3B7BF006451CD /* Build configuration list for PBXNativeTarget "ProjVerao2024" */;
			buildPhases = (
				AC4715B928D3B7BE006451CD /* Sources */,
				AC4715BA28D3B7BE006451CD /* Frameworks */,
				AC4715BB28D3B7BE006451CD /* Resources */,
			);
			buildRules = (
			);
			dependencies = (
			);
			name = ProjVerao2024;
			productName = ProjVerao2024;
			productReference = AC4715BD28D3B7BE006451CD /* ProjVerao2024.app */;
			productType = "com.apple.product-type.application";
		};
/* End PBXNativeTarget section */

/* Begin PBXProject section */
		AC4715B528D3B7BE006451CD /* Project object */ = {
			isa = PBXProject;
			attributes = {
				BuildIndependentTargetsInParallel = 1;
				LastSwiftUpdateCheck = 1400;
				LastUpgradeCheck = 1400;
				TargetAttributes = {
					AC4715BC28D3B7BE006451CD = {
						CreatedOnToolsVersion = 14.0;
					};
				};
			};
			buildConfigurationList = AC4715B828D3B7BE006451CD /* Build configuration list for PBXProject "ProjVerao2024" */;
			compatibilityVersion = "Xcode 14.0";
			developmentRegion = en;
			hasScannedForEncodings = 0;
			knownRegions = (
				en,
				Base,
			);
			mainGroup = AC4715B428D3B7BE006451CD;
			productRefGroup = AC4715BE28D3B7BE006451CD /* Products */;
			projectDirPath = "";
			projectRoot = "";
			targets = (
				AC4715BC28D3B7BE006451CD /* ProjVerao2024 */,
			);
		};
/* End PBXProject section */

/* Begin PBXResourcesBuildPhase section */
		AC4715BB28D3B7BE006451CD /* Resources */ = {
			isa = PBXResourcesBuildPhase;
			buildActionMask = 2147483647;
			files = (
				AC4715C828D3B7BF006451CD /* Preview Assets.xcassets in Resources */,
				AC4715C528D3B7BF006451CD /* Assets.xcassets in Resources */,
			);
			runOnlyForDeploymentPostprocessing = 0;
		};
/* End PBXResourcesBuildPhase section */

/* Begin PBXSourcesBuildPhase section */
		AC4715B928D3B7BE006451CD /* Sources */ = {
			isa = PBXSourcesBuildPhase;
			buildActionMask = 2147483647;
			files = (
				AC4715D028D3B857006451CD /* FoodModel.xcdatamodeld .xcdatamodeld in Sources */,
				AC06755A28D3BD2A0004F7FB /* DataController.swift in Sources */,
				AC4715C328D3B7BE006451CD /* ContentView.swift in Sources */,
				AC4715C128D3B7BE006451CD /* ProjVerao2024App.swift in Sources */,
			);
			runOnlyForDeploymentPostprocessing = 0;
		};
/* End PBXSourcesBuildPhase section */

/* Begin XCBuildConfiguration section */
		AC4715C928D3B7BF006451CD /* Debug */ = {
			isa = XCBuildConfiguration;
			buildSettings = {
				ALWAYS_SEARCH_USER_PATHS = NO;
				CLANG_ANALYZER_NONNULL = YES;
				CLANG_ANALYZER_NUMBER_OBJECT_CONVERSION = YES_AGGRESSIVE;
				CLANG_CXX_LANGUAGE_STANDARD = "gnu++20";
				CLANG_ENABLE_MODULES = YES;
				CLANG_ENABLE_OBJC_ARC = YES;
				CLANG_ENABLE_OBJC_WEAK = YES;
				CLANG_WARN_BLOCK_CAPTURE_AUTORELEASING = YES;
				CLANG_WARN_BOOL_CONVERSION = YES;
				CLANG_WARN_COMMA = YES;
				CLANG_WARN_CONSTANT_CONVERSION = YES;
				CLANG_WARN_DEPRECATED_OBJC_IMPLEMENTATIONS = YES;
				CLANG_WARN_DIRECT_OBJC_ISA_USAGE = YES_ERROR;
				CLANG_WARN_DOCUMENTATION_COMMENTS = YES;
				CLANG_WARN_EMPTY_BODY = YES;
				CLANG_WARN_ENUM_CONVERSION = YES;
				CLANG_WARN_INFINITE_RECURSION = YES;
				CLANG_WARN_INT_CONVERSION = YES;
				CLANG_WARN_NON_LITERAL_NULL_CONVERSION = YES;
				CLANG_WARN_OBJC_IMPLICIT_RETAIN_SELF = YES;
				CLANG_WARN_OBJC_LITERAL_CONVERSION = YES;
				CLANG_WARN_OBJC_ROOT_CLASS = YES_ERROR;
				CLANG_WARN_QUOTED_INCLUDE_IN_FRAMEWORK_HEADER = YES;
				CLANG_WARN_RANGE_LOOP_ANALYSIS = YES;
				CLANG_WARN_STRICT_PROTOTYPES = YES;
				CLANG_WARN_SUSPICIOUS_MOVE = YES;
				CLANG_WARN_UNGUARDED_AVAILABILITY = YES_AGGRESSIVE;
				CLANG_WARN_UNREACHABLE_CODE = YES;
				CLANG_WARN__DUPLICATE_METHOD_MATCH = YES;
				COPY_PHASE_STRIP = NO;
				DEBUG_INFORMATION_FORMAT = dwarf;
				ENABLE_STRICT_OBJC_MSGSEND = YES;
				ENABLE_TESTABILITY = YES;
				GCC_C_LANGUAGE_STANDARD = gnu11;
				GCC_DYNAMIC_NO_PIC = NO;
				GCC_NO_COMMON_BLOCKS = YES;
				GCC_OPTIMIZATION_LEVEL = 0;
				GCC_PREPROCESSOR_DEFINITIONS = (
					"DEBUG=1",
					"$(inherited)",
				);
				GCC_WARN_64_TO_32_BIT_CONVERSION = YES;
				GCC_WARN_ABOUT_RETURN_TYPE = YES_ERROR;
				GCC_WARN_UNDECLARED_SELECTOR = YES;
				GCC_WARN_UNINITIALIZED_AUTOS = YES_AGGRESSIVE;
				GCC_WARN_UNUSED_FUNCTION = YES;
				GCC_WARN_UNUSED_VARIABLE = YES;
				IPHONEOS_DEPLOYMENT_TARGET = 16.0;
				MTL_ENABLE_DEBUG_INFO = INCLUDE_SOURCE;
				MTL_FAST_MATH = YES;
				ONLY_ACTIVE_ARCH = YES;
				SDKROOT = iphoneos;
				SWIFT_ACTIVE_COMPILATION_CONDITIONS = DEBUG;
				SWIFT_OPTIMIZATION_LEVEL = "-Onone";
			};
			name = Debug;
		};
		AC4715CA28D3B7BF006451CD /* Release */ = {
			isa = XCBuildConfiguration;
			buildSettings = {
				ALWAYS_SEARCH_USER_PATHS = NO;
				CLANG_ANALYZER_NONNULL = YES;
				CLANG_ANALYZER_NUMBER_OBJECT_CONVERSION = YES_AGGRESSIVE;
				CLANG_CXX_LANGUAGE_STANDARD = "gnu++20";
				CLANG_ENABLE_MODULES = YES;
				CLANG_ENABLE_OBJC_ARC = YES;
				CLANG_ENABLE_OBJC_WEAK = YES;
				CLANG_WARN_BLOCK_CAPTURE_AUTORELEASING = YES;
				CLANG_WARN_BOOL_CONVERSION = YES;
				CLANG_WARN_COMMA = YES;
				CLANG_WARN_CONSTANT_CONVERSION = YES;
				CLANG_WARN_DEPRECATED_OBJC_IMPLEMENTATIONS = YES;
				CLANG_WARN_DIRECT_OBJC_ISA_USAGE = YES_ERROR;
				CLANG_WARN_DOCUMENTATION_COMMENTS = YES;
				CLANG_WARN_EMPTY_BODY = YES;
				CLANG_WARN_ENUM_CONVERSION = YES;
				CLANG_WARN_INFINITE_RECURSION = YES;
				CLANG_WARN_INT_CONVERSION = YES;
				CLANG_WARN_NON_LITERAL_NULL_CONVERSION = YES;
				CLANG_WARN_OBJC_IMPLICIT_RETAIN_SELF = YES;
				CLANG_WARN_OBJC_LITERAL_CONVERSION = YES;
				CLANG_WARN_OBJC_ROOT_CLASS = YES_ERROR;
				CLANG_WARN_QUOTED_INCLUDE_IN_FRAMEWORK_HEADER = YES;
				CLANG_WARN_RANGE_LOOP_ANALYSIS = YES;
				CLANG_WARN_STRICT_PROTOTYPES = YES;
				CLANG_WARN_SUSPICIOUS_MOVE = YES;
				CLANG_WARN_UNGUARDED_AVAILABILITY = YES_AGGRESSIVE;
				CLANG_WARN_UNREACHABLE_CODE = YES;
				CLANG_WARN__DUPLICATE_METHOD_MATCH = YES;
				COPY_PHASE_STRIP = NO;
				DEBUG_INFORMATION_FORMAT = "dwarf-with-dsym";
				ENABLE_NS_ASSERTIONS = NO;
				ENABLE_STRICT_OBJC_MSGSEND = YES;
				GCC_C_LANGUAGE_STANDARD = gnu11;
				GCC_NO_COMMON_BLOCKS = YES;
				GCC_WARN_64_TO_32_BIT_CONVERSION = YES;
				GCC_WARN_ABOUT_RETURN_TYPE = YES_ERROR;
				GCC_WARN_UNDECLARED_SELECTOR = YES;
				GCC_WARN_UNINITIALIZED_AUTOS = YES_AGGRESSIVE;
				GCC_WARN_UNUSED_FUNCTION = YES;
				GCC_WARN_UNUSED_VARIABLE = YES;
				IPHONEOS_DEPLOYMENT_TARGET = 16.0;
				MTL_ENABLE_DEBUG_INFO = NO;
				MTL_FAST_MATH = YES;
				SDKROOT = iphoneos;
				SWIFT_COMPILATION_MODE = wholemodule;
				SWIFT_OPTIMIZATION_LEVEL = "-O";
				VALIDATE_PRODUCT = YES;
			};
			name = Release;
		};
		AC4715CC28D3B7BF006451CD /* Debug */ = {
			isa = XCBuildConfiguration;
			buildSettings = {
				ASSETCATALOG_COMPILER_APPICON_NAME = AppIcon;
				ASSETCATALOG_COMPILER_GLOBAL_ACCENT_COLOR_NAME = AccentColor;
				CODE_SIGN_STYLE = Automatic;
				CURRENT_PROJECT_VERSION = 1;
				DEVELOPMENT_ASSET_PATHS = "\"ProjVerao2024/Preview Content\"";
				ENABLE_PREVIEWS = YES;
				GENERATE_INFOPLIST_FILE = YES;
				INFOPLIST_KEY_UIApplicationSceneManifest_Generation = YES;
				INFOPLIST_KEY_UIApplicationSupportsIndirectInputEvents = YES;
				INFOPLIST_KEY_UILaunchScreen_Generation = YES;
				INFOPLIST_KEY_UISupportedInterfaceOrientations_iPad = "UIInterfaceOrientationPortrait UIInterfaceOrientationPortraitUpsideDown UIInterfaceOrientationLandscapeLeft UIInterfaceOrientationLandscapeRight";
				INFOPLIST_KEY_UISupportedInterfaceOrientations_iPhone = "UIInterfaceOrientationPortrait UIInterfaceOrientationLandscapeLeft UIInterfaceOrientationLandscapeRight";
				LD_RUNPATH_SEARCH_PATHS = (
					"$(inherited)",
					"@executable_path/Frameworks",
				);
				MARKETING_VERSION = 1.0;
				PRODUCT_BUNDLE_IDENTIFIER = br.com.dev.ProjVerao2024;
				PRODUCT_NAME = "$(TARGET_NAME)";
				SWIFT_EMIT_LOC_STRINGS = YES;
				SWIFT_VERSION = 5.0;
				TARGETED_DEVICE_FAMILY = "1,2";
			};
			name = Debug;
		};
		AC4715CD28D3B7BF006451CD /* Release */ = {
			isa = XCBuildConfiguration;
			buildSettings = {
				ASSETCATALOG_COMPILER_APPICON_NAME = AppIcon;
				ASSETCATALOG_COMPILER_GLOBAL_ACCENT_COLOR_NAME = AccentColor;
				CODE_SIGN_STYLE = Automatic;
				CURRENT_PROJECT_VERSION = 1;
				DEVELOPMENT_ASSET_PATHS = "\"ProjVerao2024/Preview Content\"";
				ENABLE_PREVIEWS = YES;
				GENERATE_INFOPLIST_FILE = YES;
				INFOPLIST_KEY_UIApplicationSceneManifest_Generation = YES;
				INFOPLIST_KEY_UIApplicationSupportsIndirectInputEvents = YES;
				INFOPLIST_KEY_UILaunchScreen_Generation = YES;
				INFOPLIST_KEY_UISupportedInterfaceOrientations_iPad = "UIInterfaceOrientationPortrait UIInterfaceOrientationPortraitUpsideDown UIInterfaceOrientationLandscapeLeft UIInterfaceOrientationLandscapeRight";
				INFOPLIST_KEY_UISupportedInterfaceOrientations_iPhone = "UIInterfaceOrientationPortrait UIInterfaceOrientationLandscapeLeft UIInterfaceOrientationLandscapeRight";
				LD_RUNPATH_SEARCH_PATHS = (
					"$(inherited)",
					"@executable_path/Frameworks",
				);
				MARKETING_VERSION = 1.0;
				PRODUCT_BUNDLE_IDENTIFIER = br.com.dev.ProjVerao2024;
				PRODUCT_NAME = "$(TARGET_NAME)";
				SWIFT_EMIT_LOC_STRINGS = YES;
				SWIFT_VERSION = 5.0;
				TARGETED_DEVICE_FAMILY = "1,2";
			};
			name = Release;
		};
/* End XCBuildConfiguration section */

/* Begin XCConfigurationList section */
		AC4715B828D3B7BE006451CD /* Build configuration list for PBXProject "ProjVerao2024" */ = {
			isa = XCConfigurationList;
			buildConfigurations = (
				AC4715C928D3B7BF006451CD /* Debug */,
				AC4715CA28D3B7BF006451CD /* Release */,
			);
			defaultConfigurationIsVisible = 0;
			defaultConfigurationName = Release;
		};
		AC4715CB28D3B7BF006451CD /* Build configuration list for PBXNativeTarget "ProjVerao2024" */ = {
			isa = XCConfigurationList;
			buildConfigurations = (
				AC4715CC28D3B7BF006451CD /* Debug */,
				AC4715CD28D3B7BF006451CD /* Release */,
			);
			defaultConfigurationIsVisible = 0;
			defaultConfigurationName = Release;
		};
/* End XCConfigurationList section */

/* Begin XCVersionGroup section */
		AC4715CE28D3B857006451CD /* FoodModel.xcdatamodeld .xcdatamodeld */ = {
			isa = XCVersionGroup;
			children = (
				AC4715CF28D3B857006451CD /* FoodModel.xcdatamodeld .xcdatamodel */,
			);
			currentVersion = AC4715CF28D3B857006451CD /* FoodModel.xcdatamodeld .xcdatamodel */;
			path = "FoodModel.xcdatamodeld .xcdatamodeld";
			sourceTree = "<group>";
			versionGroupType = wrapper.xcdatamodel;
		};
/* End XCVersionGroup section */
	};
	rootObject = AC4715B528D3B7BE006451CD /* Project object */;
}
